{
  "lockfileVersion": 1,
  "configVersion": 0,
  "workspaces": {
    "": {
      "devDependencies": {
        "@bufbuild/buf": "^1.64.0",
        "ts-proto": "^2.6.1",
      },
    },
  },
  "packages": {
    "@bufbuild/buf": ["@bufbuild/buf@1.64.0", "", { "optionalDependencies": { "@bufbuild/buf-darwin-arm64": "1.64.0", "@bufbuild/buf-darwin-x64": "1.64.0", "@bufbuild/buf-linux-aarch64": "1.64.0", "@bufbuild/buf-linux-armv7": "1.64.0", "@bufbuild/buf-linux-x64": "1.64.0", "@bufbuild/buf-win32-arm64": "1.64.0", "@bufbuild/buf-win32-x64": "1.64.0" }, "bin": { "buf": "bin/buf", "protoc-gen-buf-breaking": "bin/protoc-gen-buf-breaking", "protoc-gen-buf-lint": "bin/protoc-gen-buf-lint" } }, "sha512-MC9Zj+pUQsKLEQrsBPmV3CuECYUSD2n82WUcLMu6f49LwSMtKg887B5vPADsf2yMM+6N1LjYHHLb3fN4R1ZGyg=="],

    "@bufbuild/buf-darwin-arm64": ["@bufbuild/buf-darwin-arm64@1.64.0", "", { "os": "darwin", "cpu": "arm64" }, "sha512-wv4WJ/ho9Jt4b/3SuwrzCa7r68yvOSMhnpztPivu75CMF+btZijWYjc/Wt6JkOYbGmsXAlSzyANXZaQM9KCm8g=="],

    "@bufbuild/buf-darwin-x64": ["@bufbuild/buf-darwin-x64@1.64.0", "", { "os": "darwin", "cpu": "x64" }, "sha512-2idJ/x94DzsYbiuLticvevXNiTXeCv/WjO7NYcwo8WXOIBHdGKK6nfoEAa4DMSo2qv/u3O2Q9sublQ+LYmITkw=="],

    "@bufbuild/buf-linux-aarch64": ["@bufbuild/buf-linux-aarch64@1.64.0", "", { "os": "linux", "cpu": "arm64" }, "sha512-954Tg1LKjPHNOuOBJH57SDnvHYBFf3NSWccu8bqBcXcRpdebnRiNCDWPGDhXqXXPfLnAbTYMyOdh+D4KsYsygw=="],

    "@bufbuild/buf-linux-armv7": ["@bufbuild/buf-linux-armv7@1.64.0", "", { "os": "linux", "cpu": "arm" }, "sha512-RDPQK+qMXuA2TV8jvzrGUFR1m+cJ32crxPHXgqmHSd+/LneUdNB/U0euhm94rNP8Xr3EbcMTBQ0kwajF4ZeeKg=="],

    "@bufbuild/buf-linux-x64": ["@bufbuild/buf-linux-x64@1.64.0", "", { "os": "linux", "cpu": "x64" }, "sha512-PONSa1DorjkMASu9EYtd6ckgMQC5MSHi9aY5CqWwV5hl262A43k2qt3EbYCClyGdNjC+Vu8Av9Blfd91Yg5kRw=="],

    "@bufbuild/buf-win32-arm64": ["@bufbuild/buf-win32-arm64@1.64.0", "", { "os": "win32", "cpu": "arm64" }, "sha512-nBEr7udVctBq0TIoCWkoI1BCcwDynKW9u1bX27/0QUnIySm9bgS5AeMyhuWsXKka+kHjR/fMf3tHlP2a5o85ag=="],

    "@bufbuild/buf-win32-x64": ["@bufbuild/buf-win32-x64@1.64.0", "", { "os": "win32", "cpu": "x64" }, "sha512-5dwpWxLRCLKQ3xsrmRs8lGO2lL6mVCKRlgvGDj5PCMy9+BmqmwHtPAYMj+nUtqQqUNnax4oADeIfliMmeUXd7g=="],

    "@bufbuild/protobuf": ["@bufbuild/protobuf@2.11.0", "", {}, "sha512-sBXGT13cpmPR5BMgHE6UEEfEaShh5Ror6rfN3yEK5si7QVrtZg8LEPQb0VVhiLRUslD2yLnXtnRzG035J/mZXQ=="],

    "case-anything": ["case-anything@2.1.13", "", {}, "sha512-zlOQ80VrQ2Ue+ymH5OuM/DlDq64mEm+B9UTdHULv5osUMD6HalNTblf2b1u/m6QecjsnOkBpqVZ+XPwIVsy7Ng=="],

    "detect-libc": ["detect-libc@1.0.3", "", { "bin": "bin/detect-libc.js" }, "sha512-pGjwhsmsp4kL2RTz08wcOlGN83otlqHeD/Z5T8GXZB+/YcpQ/dgo+lbU8ZsGxV0HIvqqxo9l7mqYwyYMD9bKDg=="],

    "dprint-node": ["dprint-node@1.0.8", "", { "dependencies": { "detect-libc": "^1.0.3" } }, "sha512-iVKnUtYfGrYcW1ZAlfR/F59cUVL8QIhWoBJoSjkkdua/dkWIgjZfiLMeTjiB06X0ZLkQ0M2C1VbUj/CxkIf1zg=="],

    "ts-poet": ["ts-poet@6.12.0", "", { "dependencies": { "dprint-node": "^1.0.8" } }, "sha512-xo+iRNMWqyvXpFTaOAvLPA5QAWO6TZrSUs5s4Odaya3epqofBu/fMLHEWl8jPmjhA0s9sgj9sNvF1BmaQlmQkA=="],

    "ts-proto": ["ts-proto@2.11.1", "", { "dependencies": { "@bufbuild/protobuf": "^2.10.2", "case-anything": "^2.1.13", "ts-poet": "^6.12.0", "ts-proto-descriptors": "2.1.0" }, "bin": { "protoc-gen-ts_proto": "protoc-gen-ts_proto" } }, "sha512-llKeP/1jmRvZSWTEpt7whdhXY9j7J9GShtp5ZhiERq/dtnTLZMJ9DxAUjmX3FdG8Gh3HqjFYr8tPiA9qkieSKw=="],

    "ts-proto-descriptors": ["ts-proto-descriptors@2.1.0", "", { "dependencies": { "@bufbuild/protobuf": "^2.0.0" } }, "sha512-S5EZYEQ6L9KLFfjSRpZWDIXDV/W7tAj8uW7pLsihIxyr62EAVSiKuVPwE8iWnr849Bqa53enex1jhDUcpgquzA=="],
  }
}
